
Microsoft Visual Studio Solution File, Format Version 12.00
# Visual Studio Version 17
VisualStudioVersion = 17.6.33829.357
MinimumVisualStudioVersion = 10.0.40219.1
Project("{FAE04EC0-301F-11D3-BF4B-00C04F79EFBC}") = "punto1", "punto1.csproj", "{CC1E0BAC-AA96-4468-87A4-0FE1705F1130}"
EndProject
Global
	GlobalSection(SolutionConfigurationPlatforms) = preSolution
		Debug|Any CPU = Debug|Any CPU
		Release|Any CPU = Release|Any CPU
	EndGlobalSection
	GlobalSection(ProjectConfigurationPlatforms) = postSolution
		{CC1E0BAC-AA96-4468-87A4-0FE1705F1130}.Debug|Any CPU.ActiveCfg = Debug|Any CPU
		{CC1E0BAC-AA96-4468-87A4-0FE1705F1130}.Debug|Any CPU.Build.0 = Debug|Any CPU
		{CC1E0BAC-AA96-4468-87A4-0FE1705F1130}.Release|Any CPU.ActiveCfg = Release|Any CPU
		{CC1E0BAC-AA96-4468-87A4-0FE1705F1130}.Release|Any CPU.Build.0 = Release|Any CPU
	EndGlobalSection
	GlobalSection(SolutionProperties) = preSolution
		HideSolutionNode = FALSE
	EndGlobalSection
	GlobalSection(ExtensibilityGlobals) = postSolution
		SolutionGuid = {717DB6E4-A721-43C8-82B9-606BF72A9BC3}
	EndGlobalSection
EndGlobal
